{
  "requires": true,
  "lockfileVersion": 1,
  "dependencies": {
    "accordion-collapse-react-native": {
      "version": "0.1.9",
      "resolved": "https://registry.npmjs.org/accordion-collapse-react-native/-/accordion-collapse-react-native-0.1.9.tgz",
      "integrity": "sha512-s6/ps0Ba0RVxWkpMiDignC28B36QoXt0Qsxmj6T+fR583AS5f5KQT5wll0MPL6exKmUYDMbHPhMBSZ0Y1UgRbA=="
    }
  }
}
